
Microsoft Visual Studio Solution File, Format Version 12.00
# Visual Studio Version 17
VisualStudioVersion = 17.4.33205.214
MinimumVisualStudioVersion = 10.0.40219.1
Project("{FAE04EC0-301F-11D3-BF4B-00C04F79EFBC}") = "SyncFoodApi", "SyncFoodApi.csproj", "{B670E4C8-15F5-434D-9571-D1A73034890D}"
EndProject
Global
	GlobalSection(SolutionConfigurationPlatforms) = preSolution
		Debug|Any CPU = Debug|Any CPU
		Release|Any CPU = Release|Any CPU
	EndGlobalSection
	GlobalSection(ProjectConfigurationPlatforms) = postSolution
		{B670E4C8-15F5-434D-9571-D1A73034890D}.Debug|Any CPU.ActiveCfg = Debug|Any CPU
		{B670E4C8-15F5-434D-9571-D1A73034890D}.Debug|Any CPU.Build.0 = Debug|Any CPU
		{B670E4C8-15F5-434D-9571-D1A73034890D}.Release|Any CPU.ActiveCfg = Release|Any CPU
		{B670E4C8-15F5-434D-9571-D1A73034890D}.Release|Any CPU.Build.0 = Release|Any CPU
	EndGlobalSection
	GlobalSection(SolutionProperties) = preSolution
		HideSolutionNode = FALSE
	EndGlobalSection
	GlobalSection(ExtensibilityGlobals) = postSolution
		SolutionGuid = {7662FAE5-B90B-4C16-A9C0-10B2567B2A2C}
	EndGlobalSection
EndGlobal
